
Microsoft Visual Studio Solution File, Format Version 12.00
# Visual Studio Version 16
VisualStudioVersion = 16.0.30804.86
MinimumVisualStudioVersion = 10.0.40219.1
Project("{9A19103F-16F7-4668-BE54-9A1E7A4F7556}") = "BudgetManager.Web", "BudgetManager.Web\BudgetManager.Web.csproj", "{2A3EF150-C862-485B-8F23-74BCB98E8D45}"
EndProject
Project("{9A19103F-16F7-4668-BE54-9A1E7A4F7556}") = "BudgetManage.Services", "BudgetManage.Services\BudgetManage.Services.csproj", "{BA317181-3C82-49E2-8EBC-6C5812C373C8}"
EndProject
Project("{9A19103F-16F7-4668-BE54-9A1E7A4F7556}") = "BudgetManager.Domain", "BudgetManager.Domain\BudgetManager.Domain.csproj", "{B37C171E-611F-470C-A2FB-31E42489FFE0}"
EndProject
Project("{9A19103F-16F7-4668-BE54-9A1E7A4F7556}") = "BudgetManager.Tests", "BudgetManager.Tests\BudgetManager.Tests.csproj", "{AD9856A5-0C47-4A2D-BDF3-23A58DB338F4}"
EndProject
Project("{9A19103F-16F7-4668-BE54-9A1E7A4F7556}") = "BudgetManager.Infastructure", "BudgetManager.Infastructure\BudgetManager.Infastructure.csproj", "{62BA8316-34DC-45F5-8C14-485929CDC035}"
EndProject
Global
	GlobalSection(SolutionConfigurationPlatforms) = preSolution
		Debug|Any CPU = Debug|Any CPU
		Release|Any CPU = Release|Any CPU
	EndGlobalSection
	GlobalSection(ProjectConfigurationPlatforms) = postSolution
		{2A3EF150-C862-485B-8F23-74BCB98E8D45}.Debug|Any CPU.ActiveCfg = Debug|Any CPU
		{2A3EF150-C862-485B-8F23-74BCB98E8D45}.Debug|Any CPU.Build.0 = Debug|Any CPU
		{2A3EF150-C862-485B-8F23-74BCB98E8D45}.Release|Any CPU.ActiveCfg = Release|Any CPU
		{2A3EF150-C862-485B-8F23-74BCB98E8D45}.Release|Any CPU.Build.0 = Release|Any CPU
		{BA317181-3C82-49E2-8EBC-6C5812C373C8}.Debug|Any CPU.ActiveCfg = Debug|Any CPU
		{BA317181-3C82-49E2-8EBC-6C5812C373C8}.Debug|Any CPU.Build.0 = Debug|Any CPU
		{BA317181-3C82-49E2-8EBC-6C5812C373C8}.Release|Any CPU.ActiveCfg = Release|Any CPU
		{BA317181-3C82-49E2-8EBC-6C5812C373C8}.Release|Any CPU.Build.0 = Release|Any CPU
		{B37C171E-611F-470C-A2FB-31E42489FFE0}.Debug|Any CPU.ActiveCfg = Debug|Any CPU
		{B37C171E-611F-470C-A2FB-31E42489FFE0}.Debug|Any CPU.Build.0 = Debug|Any CPU
		{B37C171E-611F-470C-A2FB-31E42489FFE0}.Release|Any CPU.ActiveCfg = Release|Any CPU
		{B37C171E-611F-470C-A2FB-31E42489FFE0}.Release|Any CPU.Build.0 = Release|Any CPU
		{AD9856A5-0C47-4A2D-BDF3-23A58DB338F4}.Debug|Any CPU.ActiveCfg = Debug|Any CPU
		{AD9856A5-0C47-4A2D-BDF3-23A58DB338F4}.Debug|Any CPU.Build.0 = Debug|Any CPU
		{AD9856A5-0C47-4A2D-BDF3-23A58DB338F4}.Release|Any CPU.ActiveCfg = Release|Any CPU
		{AD9856A5-0C47-4A2D-BDF3-23A58DB338F4}.Release|Any CPU.Build.0 = Release|Any CPU
		{62BA8316-34DC-45F5-8C14-485929CDC035}.Debug|Any CPU.ActiveCfg = Debug|Any CPU
		{62BA8316-34DC-45F5-8C14-485929CDC035}.Debug|Any CPU.Build.0 = Debug|Any CPU
		{62BA8316-34DC-45F5-8C14-485929CDC035}.Release|Any CPU.ActiveCfg = Release|Any CPU
		{62BA8316-34DC-45F5-8C14-485929CDC035}.Release|Any CPU.Build.0 = Release|Any CPU
	EndGlobalSection
	GlobalSection(SolutionProperties) = preSolution
		HideSolutionNode = FALSE
	EndGlobalSection
	GlobalSection(ExtensibilityGlobals) = postSolution
		SolutionGuid = {989693BA-7511-42B6-9F53-3061973C0F04}
	EndGlobalSection
EndGlobal
